
Microsoft Visual Studio Solution File, Format Version 12.00
# Visual Studio Version 16
VisualStudioVersion = 16.0.32002.261
MinimumVisualStudioVersion = 10.0.40219.1
Project("{F2A71F9B-5D33-465A-A702-920D77279786}") = "HoT F Sharp Hello World", "HoT F Sharp Hello World.fsproj", "{8CBFAA02-F5F6-4677-A7B9-9864B79CFD21}"
EndProject
Global
	GlobalSection(SolutionConfigurationPlatforms) = preSolution
		Debug|Any CPU = Debug|Any CPU
		Release|Any CPU = Release|Any CPU
	EndGlobalSection
	GlobalSection(ProjectConfigurationPlatforms) = postSolution
		{8CBFAA02-F5F6-4677-A7B9-9864B79CFD21}.Debug|Any CPU.ActiveCfg = Debug|Any CPU
		{8CBFAA02-F5F6-4677-A7B9-9864B79CFD21}.Debug|Any CPU.Build.0 = Debug|Any CPU
		{8CBFAA02-F5F6-4677-A7B9-9864B79CFD21}.Release|Any CPU.ActiveCfg = Release|Any CPU
		{8CBFAA02-F5F6-4677-A7B9-9864B79CFD21}.Release|Any CPU.Build.0 = Release|Any CPU
	EndGlobalSection
	GlobalSection(SolutionProperties) = preSolution
		HideSolutionNode = FALSE
	EndGlobalSection
	GlobalSection(ExtensibilityGlobals) = postSolution
		SolutionGuid = {BF6DB3E4-9B57-410F-AA9C-45EA08BF2E09}
	EndGlobalSection
EndGlobal
